importers:
  .:
    specifiers: {}
  ../../app:
    dependencies:
      lib: link:../lib
    devDependencies:
      typescript: 4.1.5
    specifiers:
      lib: workspace:*
      typescript: 4.1.5
  ../../lib:
    devDependencies:
      typescript: 4.1.5
    specifiers:
      typescript: 4.1.5
lockfileVersion: 5.2
packages:
  /typescript/4.1.5:
    dev: true
    engines:
      node: '>=4.2.0'
    hasBin: true
    resolution:
      integrity: sha512-6OSu9PTIzmn9TCDiovULTnET6BgXtDYL4Gg4szY+cGsc3JP1dQL8qvE8kShTRx1NIw4Q9IBHlwODjkjWEtMUyA==
registry: ''
